
Microsoft Visual Studio Solution File, Format Version 12.00
# Visual Studio Version 17
VisualStudioVersion = 17.0.31612.314
MinimumVisualStudioVersion = 10.0.40219.1
Project("{9A19103F-16F7-4668-BE54-9A1E7A4F7556}") = "SilentHillMapExaminer", "src\SilentHillMapExaminer\SilentHillMapExaminer\SilentHillMapExaminer.csproj", "{EA5EF392-6CD4-4133-8993-1FD05B81FDDA}"
EndProject
Project("{9A19103F-16F7-4668-BE54-9A1E7A4F7556}") = "SilentHillMapExaminer.Gtk", "src\SilentHillMapExaminer\SilentHillMapExaminer.Gtk\SilentHillMapExaminer.Gtk.csproj", "{03FF9F3D-A054-48C0-8C96-E3FEBE23E0ED}"
EndProject
Project("{9A19103F-16F7-4668-BE54-9A1E7A4F7556}") = "SilentHillMapExaminer.Mac", "src\SilentHillMapExaminer\SilentHillMapExaminer.Mac\SilentHillMapExaminer.Mac.csproj", "{AFBF0E6E-2712-4D70-A1FB-F32C9397F9A4}"
EndProject
Project("{9A19103F-16F7-4668-BE54-9A1E7A4F7556}") = "SilentHillMapExaminer.Wpf", "src\SilentHillMapExaminer\SilentHillMapExaminer.Wpf\SilentHillMapExaminer.Wpf.csproj", "{A2DA2334-078C-43A7-85A1-60F4EDB908BA}"
EndProject
Project("{2150E333-8FDC-42A3-9474-1A3956D46DE8}") = "common", "common", "{5BAA19A5-C284-4540-9024-D609CE689CAA}"
	ProjectSection(SolutionItems) = preProject
		.editorconfig = .editorconfig
		Directory.Build.props = Directory.Build.props
		Directory.Build.targets = Directory.Build.targets
	EndProjectSection
EndProject
Project("{9A19103F-16F7-4668-BE54-9A1E7A4F7556}") = "SHME.ExternalTool", "src\SHME.ExternalTool\SHME.ExternalTool.csproj", "{373628BB-EFDF-4043-8B1E-91135BBA216B}"
EndProject
Project("{2150E333-8FDC-42A3-9474-1A3956D46DE8}") = "lib", "lib", "{3022183A-4EF8-49D0-A2BB-99A52B0F8D99}"
	ProjectSection(SolutionItems) = preProject
		lib\Directory.Build.props = lib\Directory.Build.props
		lib\Directory.Build.targets = lib\Directory.Build.targets
	EndProjectSection
EndProject
Project("{2150E333-8FDC-42A3-9474-1A3956D46DE8}") = "standalone", "standalone", "{C3E10F25-B9A6-44BA-97EC-342CFE171955}"
EndProject
Project("{2150E333-8FDC-42A3-9474-1A3956D46DE8}") = "plugin", "plugin", "{EF45E51E-80A8-43B2-A2C5-8860BC5D4A59}"
EndProject
Project("{9A19103F-16F7-4668-BE54-9A1E7A4F7556}") = "Benchmark", "test\Benchmark\Benchmark.csproj", "{44884830-99FF-4FCF-95CA-CC74A8986EFC}"
EndProject
Project("{2150E333-8FDC-42A3-9474-1A3956D46DE8}") = "test", "test", "{E071A977-EBEF-4742-A119-C149D25FF858}"
EndProject
Project("{9A19103F-16F7-4668-BE54-9A1E7A4F7556}") = "CustomBuildTasks", "src\CustomBuildTasks\CustomBuildTasks.csproj", "{9AAC0A8C-DB0B-452A-ABDF-B3489257B640}"
EndProject
Project("{9A19103F-16F7-4668-BE54-9A1E7A4F7556}") = "SHME.ExternalTool.Extras", "src\SHME.ExternalTool.Extras\SHME.ExternalTool.Extras.csproj", "{B47A5E6D-A904-4386-8215-F46D98B09D80}"
EndProject
Project("{9A19103F-16F7-4668-BE54-9A1E7A4F7556}") = "SHME.ExternalTool.Graphics", "src\SHME.ExternalTool.Graphics\SHME.ExternalTool.Graphics.csproj", "{6D340075-B41C-4A5C-BCCB-F4ABC51EC2E4}"
EndProject
Global
	GlobalSection(SolutionConfigurationPlatforms) = preSolution
		Debug|Any CPU = Debug|Any CPU
		Release|Any CPU = Release|Any CPU
	EndGlobalSection
	GlobalSection(ProjectConfigurationPlatforms) = postSolution
		{EA5EF392-6CD4-4133-8993-1FD05B81FDDA}.Debug|Any CPU.ActiveCfg = Debug|Any CPU
		{EA5EF392-6CD4-4133-8993-1FD05B81FDDA}.Debug|Any CPU.Build.0 = Debug|Any CPU
		{EA5EF392-6CD4-4133-8993-1FD05B81FDDA}.Release|Any CPU.ActiveCfg = Release|Any CPU
		{EA5EF392-6CD4-4133-8993-1FD05B81FDDA}.Release|Any CPU.Build.0 = Release|Any CPU
		{03FF9F3D-A054-48C0-8C96-E3FEBE23E0ED}.Debug|Any CPU.ActiveCfg = Debug|Any CPU
		{03FF9F3D-A054-48C0-8C96-E3FEBE23E0ED}.Debug|Any CPU.Build.0 = Debug|Any CPU
		{03FF9F3D-A054-48C0-8C96-E3FEBE23E0ED}.Release|Any CPU.ActiveCfg = Release|Any CPU
		{03FF9F3D-A054-48C0-8C96-E3FEBE23E0ED}.Release|Any CPU.Build.0 = Release|Any CPU
		{AFBF0E6E-2712-4D70-A1FB-F32C9397F9A4}.Debug|Any CPU.ActiveCfg = Debug|Any CPU
		{AFBF0E6E-2712-4D70-A1FB-F32C9397F9A4}.Debug|Any CPU.Build.0 = Debug|Any CPU
		{AFBF0E6E-2712-4D70-A1FB-F32C9397F9A4}.Release|Any CPU.ActiveCfg = Release|Any CPU
		{AFBF0E6E-2712-4D70-A1FB-F32C9397F9A4}.Release|Any CPU.Build.0 = Release|Any CPU
		{A2DA2334-078C-43A7-85A1-60F4EDB908BA}.Debug|Any CPU.ActiveCfg = Debug|Any CPU
		{A2DA2334-078C-43A7-85A1-60F4EDB908BA}.Debug|Any CPU.Build.0 = Debug|Any CPU
		{A2DA2334-078C-43A7-85A1-60F4EDB908BA}.Release|Any CPU.ActiveCfg = Release|Any CPU
		{A2DA2334-078C-43A7-85A1-60F4EDB908BA}.Release|Any CPU.Build.0 = Release|Any CPU
		{373628BB-EFDF-4043-8B1E-91135BBA216B}.Debug|Any CPU.ActiveCfg = Debug|Any CPU
		{373628BB-EFDF-4043-8B1E-91135BBA216B}.Debug|Any CPU.Build.0 = Debug|Any CPU
		{373628BB-EFDF-4043-8B1E-91135BBA216B}.Release|Any CPU.ActiveCfg = Release|Any CPU
		{373628BB-EFDF-4043-8B1E-91135BBA216B}.Release|Any CPU.Build.0 = Release|Any CPU
		{44884830-99FF-4FCF-95CA-CC74A8986EFC}.Debug|Any CPU.ActiveCfg = Debug|Any CPU
		{44884830-99FF-4FCF-95CA-CC74A8986EFC}.Debug|Any CPU.Build.0 = Debug|Any CPU
		{44884830-99FF-4FCF-95CA-CC74A8986EFC}.Release|Any CPU.ActiveCfg = Release|Any CPU
		{44884830-99FF-4FCF-95CA-CC74A8986EFC}.Release|Any CPU.Build.0 = Release|Any CPU
		{9AAC0A8C-DB0B-452A-ABDF-B3489257B640}.Debug|Any CPU.ActiveCfg = Debug|Any CPU
		{9AAC0A8C-DB0B-452A-ABDF-B3489257B640}.Debug|Any CPU.Build.0 = Debug|Any CPU
		{9AAC0A8C-DB0B-452A-ABDF-B3489257B640}.Release|Any CPU.ActiveCfg = Release|Any CPU
		{9AAC0A8C-DB0B-452A-ABDF-B3489257B640}.Release|Any CPU.Build.0 = Release|Any CPU
		{B47A5E6D-A904-4386-8215-F46D98B09D80}.Debug|Any CPU.ActiveCfg = Debug|Any CPU
		{B47A5E6D-A904-4386-8215-F46D98B09D80}.Debug|Any CPU.Build.0 = Debug|Any CPU
		{B47A5E6D-A904-4386-8215-F46D98B09D80}.Release|Any CPU.ActiveCfg = Release|Any CPU
		{B47A5E6D-A904-4386-8215-F46D98B09D80}.Release|Any CPU.Build.0 = Release|Any CPU
		{6D340075-B41C-4A5C-BCCB-F4ABC51EC2E4}.Debug|Any CPU.ActiveCfg = Debug|Any CPU
		{6D340075-B41C-4A5C-BCCB-F4ABC51EC2E4}.Debug|Any CPU.Build.0 = Debug|Any CPU
		{6D340075-B41C-4A5C-BCCB-F4ABC51EC2E4}.Release|Any CPU.ActiveCfg = Release|Any CPU
		{6D340075-B41C-4A5C-BCCB-F4ABC51EC2E4}.Release|Any CPU.Build.0 = Release|Any CPU
	EndGlobalSection
	GlobalSection(SolutionProperties) = preSolution
		HideSolutionNode = FALSE
	EndGlobalSection
	GlobalSection(NestedProjects) = preSolution
		{EA5EF392-6CD4-4133-8993-1FD05B81FDDA} = {C3E10F25-B9A6-44BA-97EC-342CFE171955}
		{03FF9F3D-A054-48C0-8C96-E3FEBE23E0ED} = {C3E10F25-B9A6-44BA-97EC-342CFE171955}
		{AFBF0E6E-2712-4D70-A1FB-F32C9397F9A4} = {C3E10F25-B9A6-44BA-97EC-342CFE171955}
		{A2DA2334-078C-43A7-85A1-60F4EDB908BA} = {C3E10F25-B9A6-44BA-97EC-342CFE171955}
		{373628BB-EFDF-4043-8B1E-91135BBA216B} = {EF45E51E-80A8-43B2-A2C5-8860BC5D4A59}
		{3022183A-4EF8-49D0-A2BB-99A52B0F8D99} = {5BAA19A5-C284-4540-9024-D609CE689CAA}
		{44884830-99FF-4FCF-95CA-CC74A8986EFC} = {E071A977-EBEF-4742-A119-C149D25FF858}
		{9AAC0A8C-DB0B-452A-ABDF-B3489257B640} = {5BAA19A5-C284-4540-9024-D609CE689CAA}
		{B47A5E6D-A904-4386-8215-F46D98B09D80} = {EF45E51E-80A8-43B2-A2C5-8860BC5D4A59}
		{6D340075-B41C-4A5C-BCCB-F4ABC51EC2E4} = {EF45E51E-80A8-43B2-A2C5-8860BC5D4A59}
	EndGlobalSection
	GlobalSection(ExtensibilityGlobals) = postSolution
		SolutionGuid = {7FBAF1CA-0999-4AA0-A932-125771E0D8D0}
	EndGlobalSection
EndGlobal
